
Microsoft Visual Studio Solution File, Format Version 12.00
# Visual Studio Version 17
VisualStudioVersion = 17.7.34009.444
MinimumVisualStudioVersion = 10.0.40219.1
Project("{FAE04EC0-301F-11D3-BF4B-00C04F79EFBC}") = "Object Oriented Assignment - C#", "Object Oriented Assignment - C#\Object Oriented Assignment - C#.csproj", "{C2C768E6-44C1-497B-95FB-72901A62A79C}"
EndProject
Global
	GlobalSection(SolutionConfigurationPlatforms) = preSolution
		Debug|Any CPU = Debug|Any CPU
		Release|Any CPU = Release|Any CPU
	EndGlobalSection
	GlobalSection(ProjectConfigurationPlatforms) = postSolution
		{C2C768E6-44C1-497B-95FB-72901A62A79C}.Debug|Any CPU.ActiveCfg = Debug|Any CPU
		{C2C768E6-44C1-497B-95FB-72901A62A79C}.Debug|Any CPU.Build.0 = Debug|Any CPU
		{C2C768E6-44C1-497B-95FB-72901A62A79C}.Release|Any CPU.ActiveCfg = Release|Any CPU
		{C2C768E6-44C1-497B-95FB-72901A62A79C}.Release|Any CPU.Build.0 = Release|Any CPU
	EndGlobalSection
	GlobalSection(SolutionProperties) = preSolution
		HideSolutionNode = FALSE
	EndGlobalSection
	GlobalSection(ExtensibilityGlobals) = postSolution
		SolutionGuid = {AC6F067E-5AF0-4CC4-ADC8-13838636B3BA}
	EndGlobalSection
EndGlobal
